// !$*UTF8*$!
{
	archiveVersion = 1;
	classes = {
	};
	objectVersion = 50;
	objects = {

/* Begin PBXBuildFile section */
		2D3EAB9F21FEA3840029FF6F /* MovieGridViewController.swift in Sources */ = {isa = PBXBuildFile; fileRef = 2D3EAB9E21FEA3840029FF6F /* MovieGridViewController.swift */; };
		2D3EABA121FEA5FF0029FF6F /* MovieGridCell.swift in Sources */ = {isa = PBXBuildFile; fileRef = 2D3EABA021FEA5FF0029FF6F /* MovieGridCell.swift */; };
		2D4DC5A521FB89870064F017 /* MovieDetailsViewController.swift in Sources */ = {isa = PBXBuildFile; fileRef = 2D4DC5A421FB89870064F017 /* MovieDetailsViewController.swift */; };
		2D888A4F21F30CF5008EB9F2 /* AppDelegate.swift in Sources */ = {isa = PBXBuildFile; fileRef = 2D888A4E21F30CF5008EB9F2 /* AppDelegate.swift */; };
		2D888A5421F30CF5008EB9F2 /* Main.storyboard in Resources */ = {isa = PBXBuildFile; fileRef = 2D888A5221F30CF5008EB9F2 /* Main.storyboard */; };
		2D888A5621F30CF7008EB9F2 /* Assets.xcassets in Resources */ = {isa = PBXBuildFile; fileRef = 2D888A5521F30CF7008EB9F2 /* Assets.xcassets */; };
		2D888A5921F30CF7008EB9F2 /* LaunchScreen.storyboard in Resources */ = {isa = PBXBuildFile; fileRef = 2D888A5721F30CF7008EB9F2 /* LaunchScreen.storyboard */; };
		2D888A6421F30CF7008EB9F2 /* flixsterTests.swift in Sources */ = {isa = PBXBuildFile; fileRef = 2D888A6321F30CF7008EB9F2 /* flixsterTests.swift */; };
		2D888A6F21F30CF7008EB9F2 /* flixsterUITests.swift in Sources */ = {isa = PBXBuildFile; fileRef = 2D888A6E21F30CF7008EB9F2 /* flixsterUITests.swift */; };
		2D888A7D21F30D3C008EB9F2 /* MovieViewController.swift in Sources */ = {isa = PBXBuildFile; fileRef = 2D888A7C21F30D3C008EB9F2 /* MovieViewController.swift */; };
		2D888A7F21F31182008EB9F2 /* MovieCell.swift in Sources */ = {isa = PBXBuildFile; fileRef = 2D888A7E21F31182008EB9F2 /* MovieCell.swift */; };
		369C658DF865852832AE9A02 /* Pods_flixsterTests.framework in Frameworks */ = {isa = PBXBuildFile; fileRef = 1B4B17EF98E53BB7D5ECF7FF /* Pods_flixsterTests.framework */; };
		E147E4C9A32B56D146C8A7F7 /* Pods_flixsterUITests.framework in Frameworks */ = {isa = PBXBuildFile; fileRef = D772150423E72CD9F4E73F48 /* Pods_flixsterUITests.framework */; };
		F9AED6F58E9C895AF667D46A /* Pods_flixster.framework in Frameworks */ = {isa = PBXBuildFile; fileRef = CD772AC5094A5B3337F4EA87 /* Pods_flixster.framework */; };
/* End PBXBuildFile section */

/* Begin PBXContainerItemProxy section */
		2D888A6021F30CF7008EB9F2 /* PBXContainerItemProxy */ = {
			isa = PBXContainerItemProxy;
			containerPortal = 2D888A4321F30CF5008EB9F2 /* Project object */;
			proxyType = 1;
			remoteGlobalIDString = 2D888A4A21F30CF5008EB9F2;
			remoteInfo = flixster;
		};
		2D888A6B21F30CF7008EB9F2 /* PBXContainerItemProxy */ = {
			isa = PBXContainerItemProxy;
			containerPortal = 2D888A4321F30CF5008EB9F2 /* Project object */;
			proxyType = 1;
			remoteGlobalIDString = 2D888A4A21F30CF5008EB9F2;
			remoteInfo = flixster;
		};
/* End PBXContainerItemProxy section */

/* Begin PBXFileReference section */
		0194E8F85F9055E6AE871F31 /* Pods-flixster.release.xcconfig */ = {isa = PBXFileReference; includeInIndex = 1; lastKnownFileType = text.xcconfig; name = "Pods-flixster.release.xcconfig"; path = "Pods/Target Support Files/Pods-flixster/Pods-flixster.release.xcconfig"; sourceTree = "<group>"; };
		04CB1531E2AA9CDCCC2882DB /* Pods-flixsterUITests.debug.xcconfig */ = {isa = PBXFileReference; includeInIndex = 1; lastKnownFileType = text.xcconfig; name = "Pods-flixsterUITests.debug.xcconfig"; path = "Pods/Target Support Files/Pods-flixsterUITests/Pods-flixsterUITests.debug.xcconfig"; sourceTree = "<group>"; };
		1B4B17EF98E53BB7D5ECF7FF /* Pods_flixsterTests.framework */ = {isa = PBXFileReference; explicitFileType = wrapper.framework; includeInIndex = 0; path = Pods_flixsterTests.framework; sourceTree = BUILT_PRODUCTS_DIR; };
		2D3EAB9E21FEA3840029FF6F /* MovieGridViewController.swift */ = {isa = PBXFileReference; lastKnownFileType = sourcecode.swift; path = MovieGridViewController.swift; sourceTree = "<group>"; };
		2D3EABA021FEA5FF0029FF6F /* MovieGridCell.swift */ = {isa = PBXFileReference; lastKnownFileType = sourcecode.swift; path = MovieGridCell.swift; sourceTree = "<group>"; };
		2D4DC5A421FB89870064F017 /* MovieDetailsViewController.swift */ = {isa = PBXFileReference; lastKnownFileType = sourcecode.swift; path = MovieDetailsViewController.swift; sourceTree = "<group>"; };
		2D888A4B21F30CF5008EB9F2 /* flixster.app */ = {isa = PBXFileReference; explicitFileType = wrapper.application; includeInIndex = 0; path = flixster.app; sourceTree = BUILT_PRODUCTS_DIR; };
		2D888A4E21F30CF5008EB9F2 /* AppDelegate.swift */ = {isa = PBXFileReference; lastKnownFileType = sourcecode.swift; path = AppDelegate.swift; sourceTree = "<group>"; };
		2D888A5321F30CF5008EB9F2 /* Base */ = {isa = PBXFileReference; lastKnownFileType = file.storyboard; name = Base; path = Base.lproj/Main.storyboard; sourceTree = "<group>"; };
		2D888A5521F30CF7008EB9F2 /* Assets.xcassets */ = {isa = PBXFileReference; lastKnownFileType = folder.assetcatalog; path = Assets.xcassets; sourceTree = "<group>"; };
		2D888A5821F30CF7008EB9F2 /* Base */ = {isa = PBXFileReference; lastKnownFileType = file.storyboard; name = Base; path = Base.lproj/LaunchScreen.storyboard; sourceTree = "<group>"; };
		2D888A5A21F30CF7008EB9F2 /* Info.plist */ = {isa = PBXFileReference; lastKnownFileType = text.plist.xml; path = Info.plist; sourceTree = "<group>"; };
		2D888A5F21F30CF7008EB9F2 /* flixsterTests.xctest */ = {isa = PBXFileReference; explicitFileType = wrapper.cfbundle; includeInIndex = 0; path = flixsterTests.xctest; sourceTree = BUILT_PRODUCTS_DIR; };
		2D888A6321F30CF7008EB9F2 /* flixsterTests.swift */ = {isa = PBXFileReference; lastKnownFileType = sourcecode.swift; path = flixsterTests.swift; sourceTree = "<group>"; };
		2D888A6521F30CF7008EB9F2 /* Info.plist */ = {isa = PBXFileReference; lastKnownFileType = text.plist.xml; path = Info.plist; sourceTree = "<group>"; };
		2D888A6A21F30CF7008EB9F2 /* flixsterUITests.xctest */ = {isa = PBXFileReference; explicitFileType = wrapper.cfbundle; includeInIndex = 0; path = flixsterUITests.xctest; sourceTree = BUILT_PRODUCTS_DIR; };
		2D888A6E21F30CF7008EB9F2 /* flixsterUITests.swift */ = {isa = PBXFileReference; lastKnownFileType = sourcecode.swift; path = flixsterUITests.swift; sourceTree = "<group>"; };
		2D888A7021F30CF7008EB9F2 /* Info.plist */ = {isa = PBXFileReference; lastKnownFileType = text.plist.xml; path = Info.plist; sourceTree = "<group>"; };
		2D888A7C21F30D3C008EB9F2 /* MovieViewController.swift */ = {isa = PBXFileReference; lastKnownFileType = sourcecode.swift; path = MovieViewController.swift; sourceTree = "<group>"; };
		2D888A7E21F31182008EB9F2 /* MovieCell.swift */ = {isa = PBXFileReference; lastKnownFileType = sourcecode.swift; path = MovieCell.swift; sourceTree = "<group>"; };
		6921010A779CBDD4D7E2DFC3 /* Pods-flixsterTests.release.xcconfig */ = {isa = PBXFileReference; includeInIndex = 1; lastKnownFileType = text.xcconfig; name = "Pods-flixsterTests.release.xcconfig"; path = "Pods/Target Support Files/Pods-flixsterTests/Pods-flixsterTests.release.xcconfig"; sourceTree = "<group>"; };
		82C714B8D33A92BFD4F90DDF /* Pods-flixsterUITests.release.xcconfig */ = {isa = PBXFileReference; includeInIndex = 1; lastKnownFileType = text.xcconfig; name = "Pods-flixsterUITests.release.xcconfig"; path = "Pods/Target Support Files/Pods-flixsterUITests/Pods-flixsterUITests.release.xcconfig"; sourceTree = "<group>"; };
		941E0B68B80BAB93A8B5A468 /* Pods-flixster.debug.xcconfig */ = {isa = PBXFileReference; includeInIndex = 1; lastKnownFileType = text.xcconfig; name = "Pods-flixster.debug.xcconfig"; path = "Pods/Target Support Files/Pods-flixster/Pods-flixster.debug.xcconfig"; sourceTree = "<group>"; };
		AC8A57DD9814CA8D175673F8 /* Pods-flixsterTests.debug.xcconfig */ = {isa = PBXFileReference; includeInIndex = 1; lastKnownFileType = text.xcconfig; name = "Pods-flixsterTests.debug.xcconfig"; path = "Pods/Target Support Files/Pods-flixsterTests/Pods-flixsterTests.debug.xcconfig"; sourceTree = "<group>"; };
		CD772AC5094A5B3337F4EA87 /* Pods_flixster.framework */ = {isa = PBXFileReference; explicitFileType = wrapper.framework; includeInIndex = 0; path = Pods_flixster.framework; sourceTree = BUILT_PRODUCTS_DIR; };
		D772150423E72CD9F4E73F48 /* Pods_flixsterUITests.framework */ = {isa = PBXFileReference; explicitFileType = wrapper.framework; includeInIndex = 0; path = Pods_flixsterUITests.framework; sourceTree = BUILT_PRODUCTS_DIR; };
/* End PBXFileReference section */

/* Begin PBXFrameworksBuildPhase section */
		2D888A4821F30CF5008EB9F2 /* Frameworks */ = {
			isa = PBXFrameworksBuildPhase;
			buildActionMask = 2147483647;
			files = (
				F9AED6F58E9C895AF667D46A /* Pods_flixster.framework in Frameworks */,
			);
			runOnlyForDeploymentPostprocessing = 0;
		};
		2D888A5C21F30CF7008EB9F2 /* Frameworks */ = {
			isa = PBXFrameworksBuildPhase;
			buildActionMask = 2147483647;
			files = (
				369C658DF865852832AE9A02 /* Pods_flixsterTests.framework in Frameworks */,
			);
			runOnlyForDeploymentPostprocessing = 0;
		};
		2D888A6721F30CF7008EB9F2 /* Frameworks */ = {
			isa = PBXFrameworksBuildPhase;
			buildActionMask = 2147483647;
			files = (
				E147E4C9A32B56D146C8A7F7 /* Pods_flixsterUITests.framework in Frameworks */,
			);
			runOnlyForDeploymentPostprocessing = 0;
		};
/* End PBXFrameworksBuildPhase section */

/* Begin PBXGroup section */
		2D888A4221F30CF5008EB9F2 = {
			isa = PBXGroup;
			children = (
				2D888A4D21F30CF5008EB9F2 /* flixster */,
				2D888A6221F30CF7008EB9F2 /* flixsterTests */,
				2D888A6D21F30CF7008EB9F2 /* flixsterUITests */,
				2D888A4C21F30CF5008EB9F2 /* Products */,
				8F0DA60557A9EDD944761760 /* Pods */,
				484BBE22399DB4E3B59747A0 /* Frameworks */,
			);
			sourceTree = "<group>";
		};
		2D888A4C21F30CF5008EB9F2 /* Products */ = {
			isa = PBXGroup;
			children = (
				2D888A4B21F30CF5008EB9F2 /* flixster.app */,
				2D888A5F21F30CF7008EB9F2 /* flixsterTests.xctest */,
				2D888A6A21F30CF7008EB9F2 /* flixsterUITests.xctest */,
			);
			name = Products;
			sourceTree = "<group>";
		};
		2D888A4D21F30CF5008EB9F2 /* flixster */ = {
			isa = PBXGroup;
			children = (
				2D888A4E21F30CF5008EB9F2 /* AppDelegate.swift */,
				2D888A5221F30CF5008EB9F2 /* Main.storyboard */,
				2D888A5521F30CF7008EB9F2 /* Assets.xcassets */,
				2D888A5721F30CF7008EB9F2 /* LaunchScreen.storyboard */,
				2D888A5A21F30CF7008EB9F2 /* Info.plist */,
				2D888A7C21F30D3C008EB9F2 /* MovieViewController.swift */,
				2D888A7E21F31182008EB9F2 /* MovieCell.swift */,
				2D4DC5A421FB89870064F017 /* MovieDetailsViewController.swift */,
				2D3EAB9E21FEA3840029FF6F /* MovieGridViewController.swift */,
				2D3EABA021FEA5FF0029FF6F /* MovieGridCell.swift */,
			);
			path = flixster;
			sourceTree = "<group>";
		};
		2D888A6221F30CF7008EB9F2 /* flixsterTests */ = {
			isa = PBXGroup;
			children = (
				2D888A6321F30CF7008EB9F2 /* flixsterTests.swift */,
				2D888A6521F30CF7008EB9F2 /* Info.plist */,
			);
			path = flixsterTests;
			sourceTree = "<group>";
		};
		2D888A6D21F30CF7008EB9F2 /* flixsterUITests */ = {
			isa = PBXGroup;
			children = (
				2D888A6E21F30CF7008EB9F2 /* flixsterUITests.swift */,
				2D888A7021F30CF7008EB9F2 /* Info.plist */,
			);
			path = flixsterUITests;
			sourceTree = "<group>";
		};
		484BBE22399DB4E3B59747A0 /* Frameworks */ = {
			isa = PBXGroup;
			children = (
				CD772AC5094A5B3337F4EA87 /* Pods_flixster.framework */,
				1B4B17EF98E53BB7D5ECF7FF /* Pods_flixsterTests.framework */,
				D772150423E72CD9F4E73F48 /* Pods_flixsterUITests.framework */,
			);
			name = Frameworks;
			sourceTree = "<group>";
		};
		8F0DA60557A9EDD944761760 /* Pods */ = {
			isa = PBXGroup;
			children = (
				941E0B68B80BAB93A8B5A468 /* Pods-flixster.debug.xcconfig */,
				0194E8F85F9055E6AE871F31 /* Pods-flixster.release.xcconfig */,
				AC8A57DD9814CA8D175673F8 /* Pods-flixsterTests.debug.xcconfig */,
				6921010A779CBDD4D7E2DFC3 /* Pods-flixsterTests.release.xcconfig */,
				04CB1531E2AA9CDCCC2882DB /* Pods-flixsterUITests.debug.xcconfig */,
				82C714B8D33A92BFD4F90DDF /* Pods-flixsterUITests.release.xcconfig */,
			);
			name = Pods;
			sourceTree = "<group>";
		};
/* End PBXGroup section */

/* Begin PBXNativeTarget section */
		2D888A4A21F30CF5008EB9F2 /* flixster */ = {
			isa = PBXNativeTarget;
			buildConfigurationList = 2D888A7321F30CF7008EB9F2 /* Build configuration list for PBXNativeTarget "flixster" */;
			buildPhases = (
				509CE91DFC0660D9BB1B59B9 /* [CP] Check Pods Manifest.lock */,
				2D888A4721F30CF5008EB9F2 /* Sources */,
				2D888A4821F30CF5008EB9F2 /* Frameworks */,
				2D888A4921F30CF5008EB9F2 /* Resources */,
				4A5D01CB8BA2388EF62DF7EB /* [CP] Embed Pods Frameworks */,
			);
			buildRules = (
			);
			dependencies = (
			);
			name = flixster;
			productName = flixster;
			productReference = 2D888A4B21F30CF5008EB9F2 /* flixster.app */;
			productType = "com.apple.product-type.application";
		};
		2D888A5E21F30CF7008EB9F2 /* flixsterTests */ = {
			isa = PBXNativeTarget;
			buildConfigurationList = 2D888A7621F30CF7008EB9F2 /* Build configuration list for PBXNativeTarget "flixsterTests" */;
			buildPhases = (
				A2B8DD6C7665EDB99B8D3241 /* [CP] Check Pods Manifest.lock */,
				2D888A5B21F30CF7008EB9F2 /* Sources */,
				2D888A5C21F30CF7008EB9F2 /* Frameworks */,
				2D888A5D21F30CF7008EB9F2 /* Resources */,
			);
			buildRules = (
			);
			dependencies = (
				2D888A6121F30CF7008EB9F2 /* PBXTargetDependency */,
			);
			name = flixsterTests;
			productName = flixsterTests;
			productReference = 2D888A5F21F30CF7008EB9F2 /* flixsterTests.xctest */;
			productType = "com.apple.product-type.bundle.unit-test";
		};
		2D888A6921F30CF7008EB9F2 /* flixsterUITests */ = {
			isa = PBXNativeTarget;
			buildConfigurationList = 2D888A7921F30CF7008EB9F2 /* Build configuration list for PBXNativeTarget "flixsterUITests" */;
			buildPhases = (
				32BD33CD416890BF79098AFB /* [CP] Check Pods Manifest.lock */,
				2D888A6621F30CF7008EB9F2 /* Sources */,
				2D888A6721F30CF7008EB9F2 /* Frameworks */,
				2D888A6821F30CF7008EB9F2 /* Resources */,
			);
			buildRules = (
			);
			dependencies = (
				2D888A6C21F30CF7008EB9F2 /* PBXTargetDependency */,
			);
			name = flixsterUITests;
			productName = flixsterUITests;
			productReference = 2D888A6A21F30CF7008EB9F2 /* flixsterUITests.xctest */;
			productType = "com.apple.product-type.bundle.ui-testing";
		};
/* End PBXNativeTarget section */

/* Begin PBXProject section */
		2D888A4321F30CF5008EB9F2 /* Project object */ = {
			isa = PBXProject;
			attributes = {
				LastSwiftUpdateCheck = 1010;
				LastUpgradeCheck = 1010;
				ORGANIZATIONNAME = "Tejal Patel";
				TargetAttributes = {
					2D888A4A21F30CF5008EB9F2 = {
						CreatedOnToolsVersion = 10.1;
					};
					2D888A5E21F30CF7008EB9F2 = {
						CreatedOnToolsVersion = 10.1;
						TestTargetID = 2D888A4A21F30CF5008EB9F2;
					};
					2D888A6921F30CF7008EB9F2 = {
						CreatedOnToolsVersion = 10.1;
						TestTargetID = 2D888A4A21F30CF5008EB9F2;
					};
				};
			};
			buildConfigurationList = 2D888A4621F30CF5008EB9F2 /* Build configuration list for PBXProject "flixster" */;
			compatibilityVersion = "Xcode 9.3";
			developmentRegion = en;
			hasScannedForEncodings = 0;
			knownRegions = (
				en,
				Base,
			);
			mainGroup = 2D888A4221F30CF5008EB9F2;
			productRefGroup = 2D888A4C21F30CF5008EB9F2 /* Products */;
			projectDirPath = "";
			projectRoot = "";
			targets = (
				2D888A4A21F30CF5008EB9F2 /* flixster */,
				2D888A5E21F30CF7008EB9F2 /* flixsterTests */,
				2D888A6921F30CF7008EB9F2 /* flixsterUITests */,
			);
		};
/* End PBXProject section */

/* Begin PBXResourcesBuildPhase section */
		2D888A4921F30CF5008EB9F2 /* Resources */ = {
			isa = PBXResourcesBuildPhase;
			buildActionMask = 2147483647;
			files = (
				2D888A5921F30CF7008EB9F2 /* LaunchScreen.storyboard in Resources */,
				2D888A5621F30CF7008EB9F2 /* Assets.xcassets in Resources */,
				2D888A5421F30CF5008EB9F2 /* Main.storyboard in Resources */,
			);
			runOnlyForDeploymentPostprocessing = 0;
		};
		2D888A5D21F30CF7008EB9F2 /* Resources */ = {
			isa = PBXResourcesBuildPhase;
			buildActionMask = 2147483647;
			files = (
			);
			runOnlyForDeploymentPostprocessing = 0;
		};
		2D888A6821F30CF7008EB9F2 /* Resources */ = {
			isa = PBXResourcesBuildPhase;
			buildActionMask = 2147483647;
			files = (
			);
			runOnlyForDeploymentPostprocessing = 0;
		};
/* End PBXResourcesBuildPhase section */

/* Begin PBXShellScriptBuildPhase section */
		32BD33CD416890BF79098AFB /* [CP] Check Pods Manifest.lock */ = {
			isa = PBXShellScriptBuildPhase;
			buildActionMask = 2147483647;
			files = (
			);
			inputFileListPaths = (
			);
			inputPaths = (
				"${PODS_PODFILE_DIR_PATH}/Podfile.lock",
				"${PODS_ROOT}/Manifest.lock",
			);
			name = "[CP] Check Pods Manifest.lock";
			outputFileListPaths = (
			);
			outputPaths = (
				"$(DERIVED_FILE_DIR)/Pods-flixsterUITests-checkManifestLockResult.txt",
			);
			runOnlyForDeploymentPostprocessing = 0;
			shellPath = /bin/sh;
			shellScript = "diff \"${PODS_PODFILE_DIR_PATH}/Podfile.lock\" \"${PODS_ROOT}/Manifest.lock\" > /dev/null\nif [ $? != 0 ] ; then\n    # print error to STDERR\n    echo \"error: The sandbox is not in sync with the Podfile.lock. Run 'pod install' or update your CocoaPods installation.\" >&2\n    exit 1\nfi\n# This output is used by Xcode 'outputs' to avoid re-running this script phase.\necho \"SUCCESS\" > \"${SCRIPT_OUTPUT_FILE_0}\"\n";
			showEnvVarsInLog = 0;
		};
		4A5D01CB8BA2388EF62DF7EB /* [CP] Embed Pods Frameworks */ = {
			isa = PBXShellScriptBuildPhase;
			buildActionMask = 2147483647;
			files = (
			);
			inputFileListPaths = (
			);
			inputPaths = (
				"${SRCROOT}/Pods/Target Support Files/Pods-flixster/Pods-flixster-frameworks.sh",
				"${BUILT_PRODUCTS_DIR}/Alamofire/Alamofire.framework",
				"${BUILT_PRODUCTS_DIR}/AlamofireImage/AlamofireImage.framework",
			);
			name = "[CP] Embed Pods Frameworks";
			outputFileListPaths = (
			);
			outputPaths = (
				"${TARGET_BUILD_DIR}/${FRAMEWORKS_FOLDER_PATH}/Alamofire.framework",
				"${TARGET_BUILD_DIR}/${FRAMEWORKS_FOLDER_PATH}/AlamofireImage.framework",
			);
			runOnlyForDeploymentPostprocessing = 0;
			shellPath = /bin/sh;
			shellScript = "\"${SRCROOT}/Pods/Target Support Files/Pods-flixster/Pods-flixster-frameworks.sh\"\n";
			showEnvVarsInLog = 0;
		};
		509CE91DFC0660D9BB1B59B9 /* [CP] Check Pods Manifest.lock */ = {
			isa = PBXShellScriptBuildPhase;
			buildActionMask = 2147483647;
			files = (
			);
			inputFileListPaths = (
			);
			inputPaths = (
				"${PODS_PODFILE_DIR_PATH}/Podfile.lock",
				"${PODS_ROOT}/Manifest.lock",
			);
			name = "[CP] Check Pods Manifest.lock";
			outputFileListPaths = (
			);
			outputPaths = (
				"$(DERIVED_FILE_DIR)/Pods-flixster-checkManifestLockResult.txt",
			);
			runOnlyForDeploymentPostprocessing = 0;
			shellPath = /bin/sh;
			shellScript = "diff \"${PODS_PODFILE_DIR_PATH}/Podfile.lock\" \"${PODS_ROOT}/Manifest.lock\" > /dev/null\nif [ $? != 0 ] ; then\n    # print error to STDERR\n    echo \"error: The sandbox is not in sync with the Podfile.lock. Run 'pod install' or update your CocoaPods installation.\" >&2\n    exit 1\nfi\n# This output is used by Xcode 'outputs' to avoid re-running this script phase.\necho \"SUCCESS\" > \"${SCRIPT_OUTPUT_FILE_0}\"\n";
			showEnvVarsInLog = 0;
		};
		A2B8DD6C7665EDB99B8D3241 /* [CP] Check Pods Manifest.lock */ = {
			isa = PBXShellScriptBuildPhase;
			buildActionMask = 2147483647;
			files = (
			);
			inputFileListPaths = (
			);
			inputPaths = (
				"${PODS_PODFILE_DIR_PATH}/Podfile.lock",
				"${PODS_ROOT}/Manifest.lock",
			);
			name = "[CP] Check Pods Manifest.lock";
			outputFileListPaths = (
			);
			outputPaths = (
				"$(DERIVED_FILE_DIR)/Pods-flixsterTests-checkManifestLockResult.txt",
			);
			runOnlyForDeploymentPostprocessing = 0;
			shellPath = /bin/sh;
			shellScript = "diff \"${PODS_PODFILE_DIR_PATH}/Podfile.lock\" \"${PODS_ROOT}/Manifest.lock\" > /dev/null\nif [ $? != 0 ] ; then\n    # print error to STDERR\n    echo \"error: The sandbox is not in sync with the Podfile.lock. Run 'pod install' or update your CocoaPods installation.\" >&2\n    exit 1\nfi\n# This output is used by Xcode 'outputs' to avoid re-running this script phase.\necho \"SUCCESS\" > \"${SCRIPT_OUTPUT_FILE_0}\"\n";
			showEnvVarsInLog = 0;
		};
/* End PBXShellScriptBuildPhase section */

/* Begin PBXSourcesBuildPhase section */
		2D888A4721F30CF5008EB9F2 /* Sources */ = {
			isa = PBXSourcesBuildPhase;
			buildActionMask = 2147483647;
			files = (
				2D3EAB9F21FEA3840029FF6F /* MovieGridViewController.swift in Sources */,
				2D4DC5A521FB89870064F017 /* MovieDetailsViewController.swift in Sources */,
				2D888A4F21F30CF5008EB9F2 /* AppDelegate.swift in Sources */,
				2D888A7D21F30D3C008EB9F2 /* MovieViewController.swift in Sources */,
				2D3EABA121FEA5FF0029FF6F /* MovieGridCell.swift in Sources */,
				2D888A7F21F31182008EB9F2 /* MovieCell.swift in Sources */,
			);
			runOnlyForDeploymentPostprocessing = 0;
		};
		2D888A5B21F30CF7008EB9F2 /* Sources */ = {
			isa = PBXSourcesBuildPhase;
			buildActionMask = 2147483647;
			files = (
				2D888A6421F30CF7008EB9F2 /* flixsterTests.swift in Sources */,
			);
			runOnlyForDeploymentPostprocessing = 0;
		};
		2D888A6621F30CF7008EB9F2 /* Sources */ = {
			isa = PBXSourcesBuildPhase;
			buildActionMask = 2147483647;
			files = (
				2D888A6F21F30CF7008EB9F2 /* flixsterUITests.swift in Sources */,
			);
			runOnlyForDeploymentPostprocessing = 0;
		};
/* End PBXSourcesBuildPhase section */

/* Begin PBXTargetDependency section */
		2D888A6121F30CF7008EB9F2 /* PBXTargetDependency */ = {
			isa = PBXTargetDependency;
			target = 2D888A4A21F30CF5008EB9F2 /* flixster */;
			targetProxy = 2D888A6021F30CF7008EB9F2 /* PBXContainerItemProxy */;
		};
		2D888A6C21F30CF7008EB9F2 /* PBXTargetDependency */ = {
			isa = PBXTargetDependency;
			target = 2D888A4A21F30CF5008EB9F2 /* flixster */;
			targetProxy = 2D888A6B21F30CF7008EB9F2 /* PBXContainerItemProxy */;
		};
/* End PBXTargetDependency section */

/* Begin PBXVariantGroup section */
		2D888A5221F30CF5008EB9F2 /* Main.storyboard */ = {
			isa = PBXVariantGroup;
			children = (
				2D888A5321F30CF5008EB9F2 /* Base */,
			);
			name = Main.storyboard;
			sourceTree = "<group>";
		};
		2D888A5721F30CF7008EB9F2 /* LaunchScreen.storyboard */ = {
			isa = PBXVariantGroup;
			children = (
				2D888A5821F30CF7008EB9F2 /* Base */,
			);
			name = LaunchScreen.storyboard;
			sourceTree = "<group>";
		};
/* End PBXVariantGroup section */

/* Begin XCBuildConfiguration section */
		2D888A7121F30CF7008EB9F2 /* Debug */ = {
			isa = XCBuildConfiguration;
			buildSettings = {
				ALWAYS_SEARCH_USER_PATHS = NO;
				CLANG_ANALYZER_NONNULL = YES;
				CLANG_ANALYZER_NUMBER_OBJECT_CONVERSION = YES_AGGRESSIVE;
				CLANG_CXX_LANGUAGE_STANDARD = "gnu++14";
				CLANG_CXX_LIBRARY = "libc++";
				CLANG_ENABLE_MODULES = YES;
				CLANG_ENABLE_OBJC_ARC = YES;
				CLANG_ENABLE_OBJC_WEAK = YES;
				CLANG_WARN_BLOCK_CAPTURE_AUTORELEASING = YES;
				CLANG_WARN_BOOL_CONVERSION = YES;
				CLANG_WARN_COMMA = YES;
				CLANG_WARN_CONSTANT_CONVERSION = YES;
				CLANG_WARN_DEPRECATED_OBJC_IMPLEMENTATIONS = YES;
				CLANG_WARN_DIRECT_OBJC_ISA_USAGE = YES_ERROR;
				CLANG_WARN_DOCUMENTATION_COMMENTS = YES;
				CLANG_WARN_EMPTY_BODY = YES;
				CLANG_WARN_ENUM_CONVERSION = YES;
				CLANG_WARN_INFINITE_RECURSION = YES;
				CLANG_WARN_INT_CONVERSION = YES;
				CLANG_WARN_NON_LITERAL_NULL_CONVERSION = YES;
				CLANG_WARN_OBJC_IMPLICIT_RETAIN_SELF = YES;
				CLANG_WARN_OBJC_LITERAL_CONVERSION = YES;
				CLANG_WARN_OBJC_ROOT_CLASS = YES_ERROR;
				CLANG_WARN_RANGE_LOOP_ANALYSIS = YES;
				CLANG_WARN_STRICT_PROTOTYPES = YES;
				CLANG_WARN_SUSPICIOUS_MOVE = YES;
				CLANG_WARN_UNGUARDED_AVAILABILITY = YES_AGGRESSIVE;
				CLANG_WARN_UNREACHABLE_CODE = YES;
				CLANG_WARN__DUPLICATE_METHOD_MATCH = YES;
				CODE_SIGN_IDENTITY = "iPhone Developer";
				COPY_PHASE_STRIP = NO;
				DEBUG_INFORMATION_FORMAT = dwarf;
				ENABLE_STRICT_OBJC_MSGSEND = YES;
				ENABLE_TESTABILITY = YES;
				GCC_C_LANGUAGE_STANDARD = gnu11;
				GCC_DYNAMIC_NO_PIC = NO;
				GCC_NO_COMMON_BLOCKS = YES;
				GCC_OPTIMIZATION_LEVEL = 0;
				GCC_PREPROCESSOR_DEFINITIONS = (
					"DEBUG=1",
					"$(inherited)",
				);
				GCC_WARN_64_TO_32_BIT_CONVERSION = YES;
				GCC_WARN_ABOUT_RETURN_TYPE = YES_ERROR;
				GCC_WARN_UNDECLARED_SELECTOR = YES;
				GCC_WARN_UNINITIALIZED_AUTOS = YES_AGGRESSIVE;
				GCC_WARN_UNUSED_FUNCTION = YES;
				GCC_WARN_UNUSED_VARIABLE = YES;
				IPHONEOS_DEPLOYMENT_TARGET = 12.1;
				MTL_ENABLE_DEBUG_INFO = INCLUDE_SOURCE;
				MTL_FAST_MATH = YES;
				ONLY_ACTIVE_ARCH = YES;
				SDKROOT = iphoneos;
				SWIFT_ACTIVE_COMPILATION_CONDITIONS = DEBUG;
				SWIFT_OPTIMIZATION_LEVEL = "-Onone";
			};
			name = Debug;
		};
		2D888A7221F30CF7008EB9F2 /* Release */ = {
			isa = XCBuildConfiguration;
			buildSettings = {
				ALWAYS_SEARCH_USER_PATHS = NO;
				CLANG_ANALYZER_NONNULL = YES;
				CLANG_ANALYZER_NUMBER_OBJECT_CONVERSION = YES_AGGRESSIVE;
				CLANG_CXX_LANGUAGE_STANDARD = "gnu++14";
				CLANG_CXX_LIBRARY = "libc++";
				CLANG_ENABLE_MODULES = YES;
				CLANG_ENABLE_OBJC_ARC = YES;
				CLANG_ENABLE_OBJC_WEAK = YES;
				CLANG_WARN_BLOCK_CAPTURE_AUTORELEASING = YES;
				CLANG_WARN_BOOL_CONVERSION = YES;
				CLANG_WARN_COMMA = YES;
				CLANG_WARN_CONSTANT_CONVERSION = YES;
				CLANG_WARN_DEPRECATED_OBJC_IMPLEMENTATIONS = YES;
				CLANG_WARN_DIRECT_OBJC_ISA_USAGE = YES_ERROR;
				CLANG_WARN_DOCUMENTATION_COMMENTS = YES;
				CLANG_WARN_EMPTY_BODY = YES;
				CLANG_WARN_ENUM_CONVERSION = YES;
				CLANG_WARN_INFINITE_RECURSION = YES;
				CLANG_WARN_INT_CONVERSION = YES;
				CLANG_WARN_NON_LITERAL_NULL_CONVERSION = YES;
				CLANG_WARN_OBJC_IMPLICIT_RETAIN_SELF = YES;
				CLANG_WARN_OBJC_LITERAL_CONVERSION = YES;
				CLANG_WARN_OBJC_ROOT_CLASS = YES_ERROR;
				CLANG_WARN_RANGE_LOOP_ANALYSIS = YES;
				CLANG_WARN_STRICT_PROTOTYPES = YES;
				CLANG_WARN_SUSPICIOUS_MOVE = YES;
				CLANG_WARN_UNGUARDED_AVAILABILITY = YES_AGGRESSIVE;
				CLANG_WARN_UNREACHABLE_CODE = YES;
				CLANG_WARN__DUPLICATE_METHOD_MATCH = YES;
				CODE_SIGN_IDENTITY = "iPhone Developer";
				COPY_PHASE_STRIP = NO;
				DEBUG_INFORMATION_FORMAT = "dwarf-with-dsym";
				ENABLE_NS_ASSERTIONS = NO;
				ENABLE_STRICT_OBJC_MSGSEND = YES;
				GCC_C_LANGUAGE_STANDARD = gnu11;
				GCC_NO_COMMON_BLOCKS = YES;
				GCC_WARN_64_TO_32_BIT_CONVERSION = YES;
				GCC_WARN_ABOUT_RETURN_TYPE = YES_ERROR;
				GCC_WARN_UNDECLARED_SELECTOR = YES;
				GCC_WARN_UNINITIALIZED_AUTOS = YES_AGGRESSIVE;
				GCC_WARN_UNUSED_FUNCTION = YES;
				GCC_WARN_UNUSED_VARIABLE = YES;
				IPHONEOS_DEPLOYMENT_TARGET = 12.1;
				MTL_ENABLE_DEBUG_INFO = NO;
				MTL_FAST_MATH = YES;
				SDKROOT = iphoneos;
				SWIFT_COMPILATION_MODE = wholemodule;
				SWIFT_OPTIMIZATION_LEVEL = "-O";
				VALIDATE_PRODUCT = YES;
			};
			name = Release;
		};
		2D888A7421F30CF7008EB9F2 /* Debug */ = {
			isa = XCBuildConfiguration;
			baseConfigurationReference = 941E0B68B80BAB93A8B5A468 /* Pods-flixster.debug.xcconfig */;
			buildSettings = {
				ASSETCATALOG_COMPILER_APPICON_NAME = AppIcon;
				CODE_SIGN_STYLE = Automatic;
				DEVELOPMENT_TEAM = TCCUYTNM3F;
				INFOPLIST_FILE = flixster/Info.plist;
				LD_RUNPATH_SEARCH_PATHS = (
					"$(inherited)",
					"@executable_path/Frameworks",
				);
				PRODUCT_BUNDLE_IDENTIFIER = tpatel10167.flixster;
				PRODUCT_NAME = "$(TARGET_NAME)";
				SWIFT_VERSION = 4.2;
				TARGETED_DEVICE_FAMILY = "1,2";
			};
			name = Debug;
		};
		2D888A7521F30CF7008EB9F2 /* Release */ = {
			isa = XCBuildConfiguration;
			baseConfigurationReference = 0194E8F85F9055E6AE871F31 /* Pods-flixster.release.xcconfig */;
			buildSettings = {
				ASSETCATALOG_COMPILER_APPICON_NAME = AppIcon;
				CODE_SIGN_STYLE = Automatic;
				DEVELOPMENT_TEAM = TCCUYTNM3F;
				INFOPLIST_FILE = flixster/Info.plist;
				LD_RUNPATH_SEARCH_PATHS = (
					"$(inherited)",
					"@executable_path/Frameworks",
				);
				PRODUCT_BUNDLE_IDENTIFIER = tpatel10167.flixster;
				PRODUCT_NAME = "$(TARGET_NAME)";
				SWIFT_VERSION = 4.2;
				TARGETED_DEVICE_FAMILY = "1,2";
			};
			name = Release;
		};
		2D888A7721F30CF7008EB9F2 /* Debug */ = {
			isa = XCBuildConfiguration;
			baseConfigurationReference = AC8A57DD9814CA8D175673F8 /* Pods-flixsterTests.debug.xcconfig */;
			buildSettings = {
				ALWAYS_EMBED_SWIFT_STANDARD_LIBRARIES = YES;
				BUNDLE_LOADER = "$(TEST_HOST)";
				CODE_SIGN_STYLE = Automatic;
				INFOPLIST_FILE = flixsterTests/Info.plist;
				LD_RUNPATH_SEARCH_PATHS = (
					"$(inherited)",
					"@executable_path/Frameworks",
					"@loader_path/Frameworks",
				);
				PRODUCT_BUNDLE_IDENTIFIER = tpatel10167.flixsterTests;
				PRODUCT_NAME = "$(TARGET_NAME)";
				SWIFT_VERSION = 4.2;
				TARGETED_DEVICE_FAMILY = "1,2";
				TEST_HOST = "$(BUILT_PRODUCTS_DIR)/flixster.app/flixster";
			};
			name = Debug;
		};
		2D888A7821F30CF7008EB9F2 /* Release */ = {
			isa = XCBuildConfiguration;
			baseConfigurationReference = 6921010A779CBDD4D7E2DFC3 /* Pods-flixsterTests.release.xcconfig */;
			buildSettings = {
				ALWAYS_EMBED_SWIFT_STANDARD_LIBRARIES = YES;
				BUNDLE_LOADER = "$(TEST_HOST)";
				CODE_SIGN_STYLE = Automatic;
				INFOPLIST_FILE = flixsterTests/Info.plist;
				LD_RUNPATH_SEARCH_PATHS = (
					"$(inherited)",
					"@executable_path/Frameworks",
					"@loader_path/Frameworks",
				);
				PRODUCT_BUNDLE_IDENTIFIER = tpatel10167.flixsterTests;
				PRODUCT_NAME = "$(TARGET_NAME)";
				SWIFT_VERSION = 4.2;
				TARGETED_DEVICE_FAMILY = "1,2";
				TEST_HOST = "$(BUILT_PRODUCTS_DIR)/flixster.app/flixster";
			};
			name = Release;
		};
		2D888A7A21F30CF7008EB9F2 /* Debug */ = {
			isa = XCBuildConfiguration;
			baseConfigurationReference = 04CB1531E2AA9CDCCC2882DB /* Pods-flixsterUITests.debug.xcconfig */;
			buildSettings = {
				ALWAYS_EMBED_SWIFT_STANDARD_LIBRARIES = YES;
				CODE_SIGN_STYLE = Automatic;
				INFOPLIST_FILE = flixsterUITests/Info.plist;
				LD_RUNPATH_SEARCH_PATHS = (
					"$(inherited)",
					"@executable_path/Frameworks",
					"@loader_path/Frameworks",
				);
				PRODUCT_BUNDLE_IDENTIFIER = tpatel10167.flixsterUITests;
				PRODUCT_NAME = "$(TARGET_NAME)";
				SWIFT_VERSION = 4.2;
				TARGETED_DEVICE_FAMILY = "1,2";
				TEST_TARGET_NAME = flixster;
			};
			name = Debug;
		};
		2D888A7B21F30CF7008EB9F2 /* Release */ = {
			isa = XCBuildConfiguration;
			baseConfigurationReference = 82C714B8D33A92BFD4F90DDF /* Pods-flixsterUITests.release.xcconfig */;
			buildSettings = {
				ALWAYS_EMBED_SWIFT_STANDARD_LIBRARIES = YES;
				CODE_SIGN_STYLE = Automatic;
				INFOPLIST_FILE = flixsterUITests/Info.plist;
				LD_RUNPATH_SEARCH_PATHS = (
					"$(inherited)",
					"@executable_path/Frameworks",
					"@loader_path/Frameworks",
				);
				PRODUCT_BUNDLE_IDENTIFIER = tpatel10167.flixsterUITests;
				PRODUCT_NAME = "$(TARGET_NAME)";
				SWIFT_VERSION = 4.2;
				TARGETED_DEVICE_FAMILY = "1,2";
				TEST_TARGET_NAME = flixster;
			};
			name = Release;
		};
/* End XCBuildConfiguration section */

/* Begin XCConfigurationList section */
		2D888A4621F30CF5008EB9F2 /* Build configuration list for PBXProject "flixster" */ = {
			isa = XCConfigurationList;
			buildConfigurations = (
				2D888A7121F30CF7008EB9F2 /* Debug */,
				2D888A7221F30CF7008EB9F2 /* Release */,
			);
			defaultConfigurationIsVisible = 0;
			defaultConfigurationName = Release;
		};
		2D888A7321F30CF7008EB9F2 /* Build configuration list for PBXNativeTarget "flixster" */ = {
			isa = XCConfigurationList;
			buildConfigurations = (
				2D888A7421F30CF7008EB9F2 /* Debug */,
				2D888A7521F30CF7008EB9F2 /* Release */,
			);
			defaultConfigurationIsVisible = 0;
			defaultConfigurationName = Release;
		};
		2D888A7621F30CF7008EB9F2 /* Build configuration list for PBXNativeTarget "flixsterTests" */ = {
			isa = XCConfigurationList;
			buildConfigurations = (
				2D888A7721F30CF7008EB9F2 /* Debug */,
				2D888A7821F30CF7008EB9F2 /* Release */,
			);
			defaultConfigurationIsVisible = 0;
			defaultConfigurationName = Release;
		};
		2D888A7921F30CF7008EB9F2 /* Build configuration list for PBXNativeTarget "flixsterUITests" */ = {
			isa = XCConfigurationList;
			buildConfigurations = (
				2D888A7A21F30CF7008EB9F2 /* Debug */,
				2D888A7B21F30CF7008EB9F2 /* Release */,
			);
			defaultConfigurationIsVisible = 0;
			defaultConfigurationName = Release;
		};
/* End XCConfigurationList section */
	};
	rootObject = 2D888A4321F30CF5008EB9F2 /* Project object */;
}
